// !$*UTF8*$!
{
	archiveVersion = 1;
	classes = {
	};
	objectVersion = 50;
	objects = {

/* Begin PBXBuildFile section */
		BE99030E21B42FE50046F1D1 /* AppDelegate.swift in Sources */ = {isa = PBXBuildFile; fileRef = BE99030D21B42FE50046F1D1 /* AppDelegate.swift */; };
		BE99031021B42FE50046F1D1 /* MainCollectionViewController.swift in Sources */ = {isa = PBXBuildFile; fileRef = BE99030F21B42FE50046F1D1 /* MainCollectionViewController.swift */; };
		BE99031521B42FE70046F1D1 /* Assets.xcassets in Resources */ = {isa = PBXBuildFile; fileRef = BE99031421B42FE70046F1D1 /* Assets.xcassets */; };
		BE99031821B42FE70046F1D1 /* LaunchScreen.storyboard in Resources */ = {isa = PBXBuildFile; fileRef = BE99031621B42FE70046F1D1 /* LaunchScreen.storyboard */; };
		BE99032521B43BDE0046F1D1 /* ProfileTableViewController.swift in Sources */ = {isa = PBXBuildFile; fileRef = BE99032421B43BDE0046F1D1 /* ProfileTableViewController.swift */; };
		BE99032721B43D650046F1D1 /* NewSetViewController.swift in Sources */ = {isa = PBXBuildFile; fileRef = BE99032621B43D650046F1D1 /* NewSetViewController.swift */; };
		BE99032921B43DBD0046F1D1 /* AddCardViewController.swift in Sources */ = {isa = PBXBuildFile; fileRef = BE99032821B43DBD0046F1D1 /* AddCardViewController.swift */; };
		BE99032B21B43EBD0046F1D1 /* SetCollectionViewController.swift in Sources */ = {isa = PBXBuildFile; fileRef = BE99032A21B43EBD0046F1D1 /* SetCollectionViewController.swift */; };
		BE99032D21B43EF60046F1D1 /* StudyViewController.swift in Sources */ = {isa = PBXBuildFile; fileRef = BE99032C21B43EF60046F1D1 /* StudyViewController.swift */; };
		BE99032F21B43F150046F1D1 /* StudyResultsCollectionViewController.swift in Sources */ = {isa = PBXBuildFile; fileRef = BE99032E21B43F150046F1D1 /* StudyResultsCollectionViewController.swift */; };
		BE99033121B6FAA10046F1D1 /* Main.storyboard in Resources */ = {isa = PBXBuildFile; fileRef = BE99033021B6FAA10046F1D1 /* Main.storyboard */; };
		BEA2925321BD380100EC413C /* Card+CoreDataClass.swift in Sources */ = {isa = PBXBuildFile; fileRef = BEA2925121BD380100EC413C /* Card+CoreDataClass.swift */; };
		BEA2925421BD380100EC413C /* Card+CoreDataProperties.swift in Sources */ = {isa = PBXBuildFile; fileRef = BEA2925221BD380100EC413C /* Card+CoreDataProperties.swift */; };
		BEC6656421B7A37C003452A3 /* Flashcards.xcdatamodeld in Sources */ = {isa = PBXBuildFile; fileRef = BEC6656221B7A37C003452A3 /* Flashcards.xcdatamodeld */; };
/* End PBXBuildFile section */

/* Begin PBXFileReference section */
		BE99030A21B42FE50046F1D1 /* Flashcards.app */ = {isa = PBXFileReference; explicitFileType = wrapper.application; includeInIndex = 0; path = Flashcards.app; sourceTree = BUILT_PRODUCTS_DIR; };
		BE99030D21B42FE50046F1D1 /* AppDelegate.swift */ = {isa = PBXFileReference; lastKnownFileType = sourcecode.swift; path = AppDelegate.swift; sourceTree = "<group>"; };
		BE99030F21B42FE50046F1D1 /* MainCollectionViewController.swift */ = {isa = PBXFileReference; lastKnownFileType = sourcecode.swift; path = MainCollectionViewController.swift; sourceTree = "<group>"; };
		BE99031421B42FE70046F1D1 /* Assets.xcassets */ = {isa = PBXFileReference; lastKnownFileType = folder.assetcatalog; path = Assets.xcassets; sourceTree = "<group>"; };
		BE99031721B42FE70046F1D1 /* Base */ = {isa = PBXFileReference; lastKnownFileType = file.storyboard; name = Base; path = Base.lproj/LaunchScreen.storyboard; sourceTree = "<group>"; };
		BE99031921B42FE70046F1D1 /* Info.plist */ = {isa = PBXFileReference; lastKnownFileType = text.plist.xml; path = Info.plist; sourceTree = "<group>"; };
		BE99032421B43BDE0046F1D1 /* ProfileTableViewController.swift */ = {isa = PBXFileReference; lastKnownFileType = sourcecode.swift; path = ProfileTableViewController.swift; sourceTree = "<group>"; };
		BE99032621B43D650046F1D1 /* NewSetViewController.swift */ = {isa = PBXFileReference; lastKnownFileType = sourcecode.swift; path = NewSetViewController.swift; sourceTree = "<group>"; };
		BE99032821B43DBD0046F1D1 /* AddCardViewController.swift */ = {isa = PBXFileReference; lastKnownFileType = sourcecode.swift; path = AddCardViewController.swift; sourceTree = "<group>"; };
		BE99032A21B43EBD0046F1D1 /* SetCollectionViewController.swift */ = {isa = PBXFileReference; lastKnownFileType = sourcecode.swift; path = SetCollectionViewController.swift; sourceTree = "<group>"; };
		BE99032C21B43EF60046F1D1 /* StudyViewController.swift */ = {isa = PBXFileReference; lastKnownFileType = sourcecode.swift; path = StudyViewController.swift; sourceTree = "<group>"; };
		BE99032E21B43F150046F1D1 /* StudyResultsCollectionViewController.swift */ = {isa = PBXFileReference; lastKnownFileType = sourcecode.swift; path = StudyResultsCollectionViewController.swift; sourceTree = "<group>"; };
		BE99033021B6FAA10046F1D1 /* Main.storyboard */ = {isa = PBXFileReference; lastKnownFileType = file.storyboard; path = Main.storyboard; sourceTree = "<group>"; };
		BEA2925121BD380100EC413C /* Card+CoreDataClass.swift */ = {isa = PBXFileReference; lastKnownFileType = sourcecode.swift; path = "Card+CoreDataClass.swift"; sourceTree = "<group>"; };
		BEA2925221BD380100EC413C /* Card+CoreDataProperties.swift */ = {isa = PBXFileReference; lastKnownFileType = sourcecode.swift; path = "Card+CoreDataProperties.swift"; sourceTree = "<group>"; };
		BEC6656321B7A37C003452A3 /* Flashcards.xcdatamodel */ = {isa = PBXFileReference; lastKnownFileType = wrapper.xcdatamodel; path = Flashcards.xcdatamodel; sourceTree = "<group>"; };
/* End PBXFileReference section */

/* Begin PBXFrameworksBuildPhase section */
		BE99030721B42FE50046F1D1 /* Frameworks */ = {
			isa = PBXFrameworksBuildPhase;
			buildActionMask = 2147483647;
			files = (
			);
			runOnlyForDeploymentPostprocessing = 0;
		};
/* End PBXFrameworksBuildPhase section */

/* Begin PBXGroup section */
		BE99030121B42FE50046F1D1 = {
			isa = PBXGroup;
			children = (
				BE99030C21B42FE50046F1D1 /* Flashcards */,
				BE99030B21B42FE50046F1D1 /* Products */,
			);
			sourceTree = "<group>";
		};
		BE99030B21B42FE50046F1D1 /* Products */ = {
			isa = PBXGroup;
			children = (
				BE99030A21B42FE50046F1D1 /* Flashcards.app */,
			);
			name = Products;
			sourceTree = "<group>";
		};
		BE99030C21B42FE50046F1D1 /* Flashcards */ = {
			isa = PBXGroup;
			children = (
				BE99031F21B4306B0046F1D1 /* Application Delegate */,
				BE99032121B430870046F1D1 /* Model */,
				BE99032221B430BB0046F1D1 /* View */,
				BE99032321B43AB40046F1D1 /* View Model */,
				BE99032021B4307B0046F1D1 /* Controller */,
				BE99033221B700450046F1D1 /* UI */,
				BE99031421B42FE70046F1D1 /* Assets.xcassets */,
				BE99031921B42FE70046F1D1 /* Info.plist */,
				BEC6656221B7A37C003452A3 /* Flashcards.xcdatamodeld */,
			);
			path = Flashcards;
			sourceTree = "<group>";
		};
		BE99031F21B4306B0046F1D1 /* Application Delegate */ = {
			isa = PBXGroup;
			children = (
				BE99030D21B42FE50046F1D1 /* AppDelegate.swift */,
			);
			path = "Application Delegate";
			sourceTree = "<group>";
		};
		BE99032021B4307B0046F1D1 /* Controller */ = {
			isa = PBXGroup;
			children = (
				BE99030F21B42FE50046F1D1 /* MainCollectionViewController.swift */,
				BE99032421B43BDE0046F1D1 /* ProfileTableViewController.swift */,
				BE99032621B43D650046F1D1 /* NewSetViewController.swift */,
				BE99032821B43DBD0046F1D1 /* AddCardViewController.swift */,
				BE99032A21B43EBD0046F1D1 /* SetCollectionViewController.swift */,
				BE99032C21B43EF60046F1D1 /* StudyViewController.swift */,
				BE99032E21B43F150046F1D1 /* StudyResultsCollectionViewController.swift */,
			);
			path = Controller;
			sourceTree = "<group>";
		};
		BE99032121B430870046F1D1 /* Model */ = {
			isa = PBXGroup;
			children = (
				BEA2925121BD380100EC413C /* Card+CoreDataClass.swift */,
				BEA2925221BD380100EC413C /* Card+CoreDataProperties.swift */,
			);
			path = Model;
			sourceTree = "<group>";
		};
		BE99032221B430BB0046F1D1 /* View */ = {
			isa = PBXGroup;
			children = (
			);
			path = View;
			sourceTree = "<group>";
		};
		BE99032321B43AB40046F1D1 /* View Model */ = {
			isa = PBXGroup;
			children = (
			);
			path = "View Model";
			sourceTree = "<group>";
		};
		BE99033221B700450046F1D1 /* UI */ = {
			isa = PBXGroup;
			children = (
				BE99031621B42FE70046F1D1 /* LaunchScreen.storyboard */,
				BE99033021B6FAA10046F1D1 /* Main.storyboard */,
			);
			path = UI;
			sourceTree = "<group>";
		};
/* End PBXGroup section */

/* Begin PBXNativeTarget section */
		BE99030921B42FE50046F1D1 /* Flashcards */ = {
			isa = PBXNativeTarget;
			buildConfigurationList = BE99031C21B42FE70046F1D1 /* Build configuration list for PBXNativeTarget "Flashcards" */;
			buildPhases = (
				BE99030621B42FE50046F1D1 /* Sources */,
				BE99030721B42FE50046F1D1 /* Frameworks */,
				BE99030821B42FE50046F1D1 /* Resources */,
			);
			buildRules = (
			);
			dependencies = (
			);
			name = Flashcards;
			productName = Flashcards;
			productReference = BE99030A21B42FE50046F1D1 /* Flashcards.app */;
			productType = "com.apple.product-type.application";
		};
/* End PBXNativeTarget section */

/* Begin PBXProject section */
		BE99030221B42FE50046F1D1 /* Project object */ = {
			isa = PBXProject;
			attributes = {
				LastSwiftUpdateCheck = 1010;
				LastUpgradeCheck = 1010;
				ORGANIZATIONNAME = Treedo;
				TargetAttributes = {
					BE99030921B42FE50046F1D1 = {
						CreatedOnToolsVersion = 10.1;
					};
				};
			};
			buildConfigurationList = BE99030521B42FE50046F1D1 /* Build configuration list for PBXProject "Flashcards" */;
			compatibilityVersion = "Xcode 9.3";
			developmentRegion = en;
			hasScannedForEncodings = 0;
			knownRegions = (
				en,
				Base,
			);
			mainGroup = BE99030121B42FE50046F1D1;
			productRefGroup = BE99030B21B42FE50046F1D1 /* Products */;
			projectDirPath = "";
			projectRoot = "";
			targets = (
				BE99030921B42FE50046F1D1 /* Flashcards */,
			);
		};
/* End PBXProject section */

/* Begin PBXResourcesBuildPhase section */
		BE99030821B42FE50046F1D1 /* Resources */ = {
			isa = PBXResourcesBuildPhase;
			buildActionMask = 2147483647;
			files = (
				BE99033121B6FAA10046F1D1 /* Main.storyboard in Resources */,
				BE99031821B42FE70046F1D1 /* LaunchScreen.storyboard in Resources */,
				BE99031521B42FE70046F1D1 /* Assets.xcassets in Resources */,
			);
			runOnlyForDeploymentPostprocessing = 0;
		};
/* End PBXResourcesBuildPhase section */

/* Begin PBXSourcesBuildPhase section */
		BE99030621B42FE50046F1D1 /* Sources */ = {
			isa = PBXSourcesBuildPhase;
			buildActionMask = 2147483647;
			files = (
				BE99032521B43BDE0046F1D1 /* ProfileTableViewController.swift in Sources */,
				BEA2925321BD380100EC413C /* Card+CoreDataClass.swift in Sources */,
				BE99032B21B43EBD0046F1D1 /* SetCollectionViewController.swift in Sources */,
				BE99032D21B43EF60046F1D1 /* StudyViewController.swift in Sources */,
				BE99032F21B43F150046F1D1 /* StudyResultsCollectionViewController.swift in Sources */,
				BEA2925421BD380100EC413C /* Card+CoreDataProperties.swift in Sources */,
				BEC6656421B7A37C003452A3 /* Flashcards.xcdatamodeld in Sources */,
				BE99031021B42FE50046F1D1 /* MainCollectionViewController.swift in Sources */,
				BE99032721B43D650046F1D1 /* NewSetViewController.swift in Sources */,
				BE99032921B43DBD0046F1D1 /* AddCardViewController.swift in Sources */,
				BE99030E21B42FE50046F1D1 /* AppDelegate.swift in Sources */,
			);
			runOnlyForDeploymentPostprocessing = 0;
		};
/* End PBXSourcesBuildPhase section */

/* Begin PBXVariantGroup section */
		BE99031621B42FE70046F1D1 /* LaunchScreen.storyboard */ = {
			isa = PBXVariantGroup;
			children = (
				BE99031721B42FE70046F1D1 /* Base */,
			);
			name = LaunchScreen.storyboard;
			sourceTree = "<group>";
		};
/* End PBXVariantGroup section */

/* Begin XCBuildConfiguration section */
		BE99031A21B42FE70046F1D1 /* Debug */ = {
			isa = XCBuildConfiguration;
			buildSettings = {
				ALWAYS_SEARCH_USER_PATHS = NO;
				CLANG_ANALYZER_NONNULL = YES;
				CLANG_ANALYZER_NUMBER_OBJECT_CONVERSION = YES_AGGRESSIVE;
				CLANG_CXX_LANGUAGE_STANDARD = "gnu++14";
				CLANG_CXX_LIBRARY = "libc++";
				CLANG_ENABLE_MODULES = YES;
				CLANG_ENABLE_OBJC_ARC = YES;
				CLANG_ENABLE_OBJC_WEAK = YES;
				CLANG_WARN_BLOCK_CAPTURE_AUTORELEASING = YES;
				CLANG_WARN_BOOL_CONVERSION = YES;
				CLANG_WARN_COMMA = YES;
				CLANG_WARN_CONSTANT_CONVERSION = YES;
				CLANG_WARN_DEPRECATED_OBJC_IMPLEMENTATIONS = YES;
				CLANG_WARN_DIRECT_OBJC_ISA_USAGE = YES_ERROR;
				CLANG_WARN_DOCUMENTATION_COMMENTS = YES;
				CLANG_WARN_EMPTY_BODY = YES;
				CLANG_WARN_ENUM_CONVERSION = YES;
				CLANG_WARN_INFINITE_RECURSION = YES;
				CLANG_WARN_INT_CONVERSION = YES;
				CLANG_WARN_NON_LITERAL_NULL_CONVERSION = YES;
				CLANG_WARN_OBJC_IMPLICIT_RETAIN_SELF = YES;
				CLANG_WARN_OBJC_LITERAL_CONVERSION = YES;
				CLANG_WARN_OBJC_ROOT_CLASS = YES_ERROR;
				CLANG_WARN_RANGE_LOOP_ANALYSIS = YES;
				CLANG_WARN_STRICT_PROTOTYPES = YES;
				CLANG_WARN_SUSPICIOUS_MOVE = YES;
				CLANG_WARN_UNGUARDED_AVAILABILITY = YES_AGGRESSIVE;
				CLANG_WARN_UNREACHABLE_CODE = YES;
				CLANG_WARN__DUPLICATE_METHOD_MATCH = YES;
				CODE_SIGN_IDENTITY = "iPhone Developer";
				COPY_PHASE_STRIP = NO;
				DEBUG_INFORMATION_FORMAT = dwarf;
				ENABLE_STRICT_OBJC_MSGSEND = YES;
				ENABLE_TESTABILITY = YES;
				GCC_C_LANGUAGE_STANDARD = gnu11;
				GCC_DYNAMIC_NO_PIC = NO;
				GCC_NO_COMMON_BLOCKS = YES;
				GCC_OPTIMIZATION_LEVEL = 0;
				GCC_PREPROCESSOR_DEFINITIONS = (
					"DEBUG=1",
					"$(inherited)",
				);
				GCC_WARN_64_TO_32_BIT_CONVERSION = YES;
				GCC_WARN_ABOUT_RETURN_TYPE = YES_ERROR;
				GCC_WARN_UNDECLARED_SELECTOR = YES;
				GCC_WARN_UNINITIALIZED_AUTOS = YES_AGGRESSIVE;
				GCC_WARN_UNUSED_FUNCTION = YES;
				GCC_WARN_UNUSED_VARIABLE = YES;
				IPHONEOS_DEPLOYMENT_TARGET = 12.1;
				MTL_ENABLE_DEBUG_INFO = INCLUDE_SOURCE;
				MTL_FAST_MATH = YES;
				ONLY_ACTIVE_ARCH = YES;
				SDKROOT = iphoneos;
				SWIFT_ACTIVE_COMPILATION_CONDITIONS = DEBUG;
				SWIFT_OPTIMIZATION_LEVEL = "-Onone";
			};
			name = Debug;
		};
		BE99031B21B42FE70046F1D1 /* Release */ = {
			isa = XCBuildConfiguration;
			buildSettings = {
				ALWAYS_SEARCH_USER_PATHS = NO;
				CLANG_ANALYZER_NONNULL = YES;
				CLANG_ANALYZER_NUMBER_OBJECT_CONVERSION = YES_AGGRESSIVE;
				CLANG_CXX_LANGUAGE_STANDARD = "gnu++14";
				CLANG_CXX_LIBRARY = "libc++";
				CLANG_ENABLE_MODULES = YES;
				CLANG_ENABLE_OBJC_ARC = YES;
				CLANG_ENABLE_OBJC_WEAK = YES;
				CLANG_WARN_BLOCK_CAPTURE_AUTORELEASING = YES;
				CLANG_WARN_BOOL_CONVERSION = YES;
				CLANG_WARN_COMMA = YES;
				CLANG_WARN_CONSTANT_CONVERSION = YES;
				CLANG_WARN_DEPRECATED_OBJC_IMPLEMENTATIONS = YES;
				CLANG_WARN_DIRECT_OBJC_ISA_USAGE = YES_ERROR;
				CLANG_WARN_DOCUMENTATION_COMMENTS = YES;
				CLANG_WARN_EMPTY_BODY = YES;
				CLANG_WARN_ENUM_CONVERSION = YES;
				CLANG_WARN_INFINITE_RECURSION = YES;
				CLANG_WARN_INT_CONVERSION = YES;
				CLANG_WARN_NON_LITERAL_NULL_CONVERSION = YES;
				CLANG_WARN_OBJC_IMPLICIT_RETAIN_SELF = YES;
				CLANG_WARN_OBJC_LITERAL_CONVERSION = YES;
				CLANG_WARN_OBJC_ROOT_CLASS = YES_ERROR;
				CLANG_WARN_RANGE_LOOP_ANALYSIS = YES;
				CLANG_WARN_STRICT_PROTOTYPES = YES;
				CLANG_WARN_SUSPICIOUS_MOVE = YES;
				CLANG_WARN_UNGUARDED_AVAILABILITY = YES_AGGRESSIVE;
				CLANG_WARN_UNREACHABLE_CODE = YES;
				CLANG_WARN__DUPLICATE_METHOD_MATCH = YES;
				CODE_SIGN_IDENTITY = "iPhone Developer";
				COPY_PHASE_STRIP = NO;
				DEBUG_INFORMATION_FORMAT = "dwarf-with-dsym";
				ENABLE_NS_ASSERTIONS = NO;
				ENABLE_STRICT_OBJC_MSGSEND = YES;
				GCC_C_LANGUAGE_STANDARD = gnu11;
				GCC_NO_COMMON_BLOCKS = YES;
				GCC_WARN_64_TO_32_BIT_CONVERSION = YES;
				GCC_WARN_ABOUT_RETURN_TYPE = YES_ERROR;
				GCC_WARN_UNDECLARED_SELECTOR = YES;
				GCC_WARN_UNINITIALIZED_AUTOS = YES_AGGRESSIVE;
				GCC_WARN_UNUSED_FUNCTION = YES;
				GCC_WARN_UNUSED_VARIABLE = YES;
				IPHONEOS_DEPLOYMENT_TARGET = 12.1;
				MTL_ENABLE_DEBUG_INFO = NO;
				MTL_FAST_MATH = YES;
				SDKROOT = iphoneos;
				SWIFT_COMPILATION_MODE = wholemodule;
				SWIFT_OPTIMIZATION_LEVEL = "-O";
				VALIDATE_PRODUCT = YES;
			};
			name = Release;
		};
		BE99031D21B42FE70046F1D1 /* Debug */ = {
			isa = XCBuildConfiguration;
			buildSettings = {
				ASSETCATALOG_COMPILER_APPICON_NAME = AppIcon;
				CODE_SIGN_STYLE = Automatic;
				DEVELOPMENT_TEAM = N2HCJ99WYH;
				INFOPLIST_FILE = Flashcards/Info.plist;
				IPHONEOS_DEPLOYMENT_TARGET = 11.0;
				LD_RUNPATH_SEARCH_PATHS = (
					"$(inherited)",
					"@executable_path/Frameworks",
				);
				PRODUCT_BUNDLE_IDENTIFIER = co.treedo.Flashcards;
				PRODUCT_NAME = "$(TARGET_NAME)";
				SWIFT_VERSION = 4.2;
				TARGETED_DEVICE_FAMILY = "1,2";
			};
			name = Debug;
		};
		BE99031E21B42FE70046F1D1 /* Release */ = {
			isa = XCBuildConfiguration;
			buildSettings = {
				ASSETCATALOG_COMPILER_APPICON_NAME = AppIcon;
				CODE_SIGN_STYLE = Automatic;
				DEVELOPMENT_TEAM = N2HCJ99WYH;
				INFOPLIST_FILE = Flashcards/Info.plist;
				IPHONEOS_DEPLOYMENT_TARGET = 11.0;
				LD_RUNPATH_SEARCH_PATHS = (
					"$(inherited)",
					"@executable_path/Frameworks",
				);
				PRODUCT_BUNDLE_IDENTIFIER = co.treedo.Flashcards;
				PRODUCT_NAME = "$(TARGET_NAME)";
				SWIFT_VERSION = 4.2;
				TARGETED_DEVICE_FAMILY = "1,2";
			};
			name = Release;
		};
/* End XCBuildConfiguration section */

/* Begin XCConfigurationList section */
		BE99030521B42FE50046F1D1 /* Build configuration list for PBXProject "Flashcards" */ = {
			isa = XCConfigurationList;
			buildConfigurations = (
				BE99031A21B42FE70046F1D1 /* Debug */,
				BE99031B21B42FE70046F1D1 /* Release */,
			);
			defaultConfigurationIsVisible = 0;
			defaultConfigurationName = Release;
		};
		BE99031C21B42FE70046F1D1 /* Build configuration list for PBXNativeTarget "Flashcards" */ = {
			isa = XCConfigurationList;
			buildConfigurations = (
				BE99031D21B42FE70046F1D1 /* Debug */,
				BE99031E21B42FE70046F1D1 /* Release */,
			);
			defaultConfigurationIsVisible = 0;
			defaultConfigurationName = Release;
		};
/* End XCConfigurationList section */

/* Begin XCVersionGroup section */
		BEC6656221B7A37C003452A3 /* Flashcards.xcdatamodeld */ = {
			isa = XCVersionGroup;
			children = (
				BEC6656321B7A37C003452A3 /* Flashcards.xcdatamodel */,
			);
			currentVersion = BEC6656321B7A37C003452A3 /* Flashcards.xcdatamodel */;
			path = Flashcards.xcdatamodeld;
			sourceTree = "<group>";
			versionGroupType = wrapper.xcdatamodel;
		};
/* End XCVersionGroup section */
	};
	rootObject = BE99030221B42FE50046F1D1 /* Project object */;
}
